
Microsoft Visual Studio Solution File, Format Version 12.00
# Visual Studio 2012
Project("{8BC9CEB8-8B4A-11D0-8D11-00A0C91BC942}") = "06162018", "06162018\KMP匹配算法.vcxproj", "{B1F4BFAD-7C46-4DA2-A0D7-C6EC32B4D8C1}"
EndProject
Project("{8BC9CEB8-8B4A-11D0-8D11-00A0C91BC942}") = "06172018", "06172018\06172018.vcxproj", "{EAC74DA9-16FF-4BB5-9753-8ED95C159E00}"
EndProject
Project("{8BC9CEB8-8B4A-11D0-8D11-00A0C91BC942}") = "06202018", "06202018\06202018.vcxproj", "{96BA7448-E4A0-448F-9ED0-EA66058E740E}"
EndProject
Project("{8BC9CEB8-8B4A-11D0-8D11-00A0C91BC942}") = "06212018", "06212018\06212018.vcxproj", "{59CAFF01-ABE2-4A05-9FE4-A0F58326F682}"
EndProject
Project("{8BC9CEB8-8B4A-11D0-8D11-00A0C91BC942}") = "06222018", "06222018\06222018.vcxproj", "{98F4D4BB-B3E7-484D-8312-91068ED2FDA6}"
EndProject
Project("{8BC9CEB8-8B4A-11D0-8D11-00A0C91BC942}") = "06232018", "06232018\06232018.vcxproj", "{ACAB2AB0-84F7-40AF-BFA4-EE9975EA7A27}"
EndProject
Project("{8BC9CEB8-8B4A-11D0-8D11-00A0C91BC942}") = "06242018", "06242018\06242018.vcxproj", "{4E96121B-78CD-4C42-8E6C-8495E4274F4F}"
EndProject
Project("{8BC9CEB8-8B4A-11D0-8D11-00A0C91BC942}") = "06252018", "06252018\06252018.vcxproj", "{5EECA654-ACF5-4307-AF05-825B31EDE58B}"
EndProject
Project("{8BC9CEB8-8B4A-11D0-8D11-00A0C91BC942}") = "06262018", "06262018\06262018.vcxproj", "{2FCB73C8-92D7-4880-B0A7-2E67B4E0874C}"
EndProject
Project("{8BC9CEB8-8B4A-11D0-8D11-00A0C91BC942}") = "06272018", "06272018\06272018.vcxproj", "{AAB7BA69-4233-4E73-8965-4CF578A43240}"
EndProject
Project("{8BC9CEB8-8B4A-11D0-8D11-00A0C91BC942}") = "06282018", "06282018\06282018.vcxproj", "{31700FDF-B336-4618-ACFE-7B6A33F4BD65}"
EndProject
Project("{8BC9CEB8-8B4A-11D0-8D11-00A0C91BC942}") = "06292018", "06292018\06292018.vcxproj", "{05CB9F87-FB75-415E-9C75-652489337542}"
EndProject
Project("{8BC9CEB8-8B4A-11D0-8D11-00A0C91BC942}") = "06302018", "06302018\06302018.vcxproj", "{7EE99693-935C-4581-8DA9-23C120C2E592}"
EndProject
Project("{8BC9CEB8-8B4A-11D0-8D11-00A0C91BC942}") = "07012018", "07012018\07012018.vcxproj", "{663D5A83-5566-4286-A4C7-ABDB0217B3F0}"
EndProject
Project("{8BC9CEB8-8B4A-11D0-8D11-00A0C91BC942}") = "07022018", "07022018\07022018.vcxproj", "{E51A6E71-551F-4FF6-B354-ECB8CA960A8D}"
EndProject
Project("{8BC9CEB8-8B4A-11D0-8D11-00A0C91BC942}") = "07042018", "07042018\07042018.vcxproj", "{0FF5FCA3-DF2E-4B2D-AD5B-64F924E5A855}"
EndProject
Project("{8BC9CEB8-8B4A-11D0-8D11-00A0C91BC942}") = "test", "test\test.vcxproj", "{5B525097-6F09-4DC4-9A34-F6A067470411}"
EndProject
Project("{8BC9CEB8-8B4A-11D0-8D11-00A0C91BC942}") = "07072018", "07072018\07072018.vcxproj", "{00B2E57C-7302-4607-BB13-1C7D151D79CD}"
EndProject
Global
	GlobalSection(SolutionConfigurationPlatforms) = preSolution
		Debug|Win32 = Debug|Win32
		Release|Win32 = Release|Win32
	EndGlobalSection
	GlobalSection(ProjectConfigurationPlatforms) = postSolution
		{B1F4BFAD-7C46-4DA2-A0D7-C6EC32B4D8C1}.Debug|Win32.ActiveCfg = Debug|Win32
		{B1F4BFAD-7C46-4DA2-A0D7-C6EC32B4D8C1}.Debug|Win32.Build.0 = Debug|Win32
		{B1F4BFAD-7C46-4DA2-A0D7-C6EC32B4D8C1}.Release|Win32.ActiveCfg = Release|Win32
		{B1F4BFAD-7C46-4DA2-A0D7-C6EC32B4D8C1}.Release|Win32.Build.0 = Release|Win32
		{EAC74DA9-16FF-4BB5-9753-8ED95C159E00}.Debug|Win32.ActiveCfg = Debug|Win32
		{EAC74DA9-16FF-4BB5-9753-8ED95C159E00}.Debug|Win32.Build.0 = Debug|Win32
		{EAC74DA9-16FF-4BB5-9753-8ED95C159E00}.Release|Win32.ActiveCfg = Release|Win32
		{EAC74DA9-16FF-4BB5-9753-8ED95C159E00}.Release|Win32.Build.0 = Release|Win32
		{96BA7448-E4A0-448F-9ED0-EA66058E740E}.Debug|Win32.ActiveCfg = Debug|Win32
		{96BA7448-E4A0-448F-9ED0-EA66058E740E}.Debug|Win32.Build.0 = Debug|Win32
		{96BA7448-E4A0-448F-9ED0-EA66058E740E}.Release|Win32.ActiveCfg = Release|Win32
		{96BA7448-E4A0-448F-9ED0-EA66058E740E}.Release|Win32.Build.0 = Release|Win32
		{59CAFF01-ABE2-4A05-9FE4-A0F58326F682}.Debug|Win32.ActiveCfg = Debug|Win32
		{59CAFF01-ABE2-4A05-9FE4-A0F58326F682}.Debug|Win32.Build.0 = Debug|Win32
		{59CAFF01-ABE2-4A05-9FE4-A0F58326F682}.Release|Win32.ActiveCfg = Release|Win32
		{59CAFF01-ABE2-4A05-9FE4-A0F58326F682}.Release|Win32.Build.0 = Release|Win32
		{98F4D4BB-B3E7-484D-8312-91068ED2FDA6}.Debug|Win32.ActiveCfg = Debug|Win32
		{98F4D4BB-B3E7-484D-8312-91068ED2FDA6}.Debug|Win32.Build.0 = Debug|Win32
		{98F4D4BB-B3E7-484D-8312-91068ED2FDA6}.Release|Win32.ActiveCfg = Release|Win32
		{98F4D4BB-B3E7-484D-8312-91068ED2FDA6}.Release|Win32.Build.0 = Release|Win32
		{ACAB2AB0-84F7-40AF-BFA4-EE9975EA7A27}.Debug|Win32.ActiveCfg = Debug|Win32
		{ACAB2AB0-84F7-40AF-BFA4-EE9975EA7A27}.Debug|Win32.Build.0 = Debug|Win32
		{ACAB2AB0-84F7-40AF-BFA4-EE9975EA7A27}.Release|Win32.ActiveCfg = Release|Win32
		{ACAB2AB0-84F7-40AF-BFA4-EE9975EA7A27}.Release|Win32.Build.0 = Release|Win32
		{4E96121B-78CD-4C42-8E6C-8495E4274F4F}.Debug|Win32.ActiveCfg = Debug|Win32
		{4E96121B-78CD-4C42-8E6C-8495E4274F4F}.Debug|Win32.Build.0 = Debug|Win32
		{4E96121B-78CD-4C42-8E6C-8495E4274F4F}.Release|Win32.ActiveCfg = Release|Win32
		{4E96121B-78CD-4C42-8E6C-8495E4274F4F}.Release|Win32.Build.0 = Release|Win32
		{5EECA654-ACF5-4307-AF05-825B31EDE58B}.Debug|Win32.ActiveCfg = Debug|Win32
		{5EECA654-ACF5-4307-AF05-825B31EDE58B}.Debug|Win32.Build.0 = Debug|Win32
		{5EECA654-ACF5-4307-AF05-825B31EDE58B}.Release|Win32.ActiveCfg = Release|Win32
		{5EECA654-ACF5-4307-AF05-825B31EDE58B}.Release|Win32.Build.0 = Release|Win32
		{2FCB73C8-92D7-4880-B0A7-2E67B4E0874C}.Debug|Win32.ActiveCfg = Debug|Win32
		{2FCB73C8-92D7-4880-B0A7-2E67B4E0874C}.Debug|Win32.Build.0 = Debug|Win32
		{2FCB73C8-92D7-4880-B0A7-2E67B4E0874C}.Release|Win32.ActiveCfg = Release|Win32
		{2FCB73C8-92D7-4880-B0A7-2E67B4E0874C}.Release|Win32.Build.0 = Release|Win32
		{AAB7BA69-4233-4E73-8965-4CF578A43240}.Debug|Win32.ActiveCfg = Debug|Win32
		{AAB7BA69-4233-4E73-8965-4CF578A43240}.Debug|Win32.Build.0 = Debug|Win32
		{AAB7BA69-4233-4E73-8965-4CF578A43240}.Release|Win32.ActiveCfg = Release|Win32
		{AAB7BA69-4233-4E73-8965-4CF578A43240}.Release|Win32.Build.0 = Release|Win32
		{31700FDF-B336-4618-ACFE-7B6A33F4BD65}.Debug|Win32.ActiveCfg = Debug|Win32
		{31700FDF-B336-4618-ACFE-7B6A33F4BD65}.Debug|Win32.Build.0 = Debug|Win32
		{31700FDF-B336-4618-ACFE-7B6A33F4BD65}.Release|Win32.ActiveCfg = Release|Win32
		{31700FDF-B336-4618-ACFE-7B6A33F4BD65}.Release|Win32.Build.0 = Release|Win32
		{05CB9F87-FB75-415E-9C75-652489337542}.Debug|Win32.ActiveCfg = Debug|Win32
		{05CB9F87-FB75-415E-9C75-652489337542}.Debug|Win32.Build.0 = Debug|Win32
		{05CB9F87-FB75-415E-9C75-652489337542}.Release|Win32.ActiveCfg = Release|Win32
		{05CB9F87-FB75-415E-9C75-652489337542}.Release|Win32.Build.0 = Release|Win32
		{7EE99693-935C-4581-8DA9-23C120C2E592}.Debug|Win32.ActiveCfg = Debug|Win32
		{7EE99693-935C-4581-8DA9-23C120C2E592}.Debug|Win32.Build.0 = Debug|Win32
		{7EE99693-935C-4581-8DA9-23C120C2E592}.Release|Win32.ActiveCfg = Release|Win32
		{7EE99693-935C-4581-8DA9-23C120C2E592}.Release|Win32.Build.0 = Release|Win32
		{663D5A83-5566-4286-A4C7-ABDB0217B3F0}.Debug|Win32.ActiveCfg = Debug|Win32
		{663D5A83-5566-4286-A4C7-ABDB0217B3F0}.Debug|Win32.Build.0 = Debug|Win32
		{663D5A83-5566-4286-A4C7-ABDB0217B3F0}.Release|Win32.ActiveCfg = Release|Win32
		{663D5A83-5566-4286-A4C7-ABDB0217B3F0}.Release|Win32.Build.0 = Release|Win32
		{E51A6E71-551F-4FF6-B354-ECB8CA960A8D}.Debug|Win32.ActiveCfg = Debug|Win32
		{E51A6E71-551F-4FF6-B354-ECB8CA960A8D}.Debug|Win32.Build.0 = Debug|Win32
		{E51A6E71-551F-4FF6-B354-ECB8CA960A8D}.Release|Win32.ActiveCfg = Release|Win32
		{E51A6E71-551F-4FF6-B354-ECB8CA960A8D}.Release|Win32.Build.0 = Release|Win32
		{0FF5FCA3-DF2E-4B2D-AD5B-64F924E5A855}.Debug|Win32.ActiveCfg = Debug|Win32
		{0FF5FCA3-DF2E-4B2D-AD5B-64F924E5A855}.Debug|Win32.Build.0 = Debug|Win32
		{0FF5FCA3-DF2E-4B2D-AD5B-64F924E5A855}.Release|Win32.ActiveCfg = Release|Win32
		{0FF5FCA3-DF2E-4B2D-AD5B-64F924E5A855}.Release|Win32.Build.0 = Release|Win32
		{5B525097-6F09-4DC4-9A34-F6A067470411}.Debug|Win32.ActiveCfg = Debug|Win32
		{5B525097-6F09-4DC4-9A34-F6A067470411}.Debug|Win32.Build.0 = Debug|Win32
		{5B525097-6F09-4DC4-9A34-F6A067470411}.Release|Win32.ActiveCfg = Release|Win32
		{5B525097-6F09-4DC4-9A34-F6A067470411}.Release|Win32.Build.0 = Release|Win32
		{00B2E57C-7302-4607-BB13-1C7D151D79CD}.Debug|Win32.ActiveCfg = Debug|Win32
		{00B2E57C-7302-4607-BB13-1C7D151D79CD}.Debug|Win32.Build.0 = Debug|Win32
		{00B2E57C-7302-4607-BB13-1C7D151D79CD}.Release|Win32.ActiveCfg = Release|Win32
		{00B2E57C-7302-4607-BB13-1C7D151D79CD}.Release|Win32.Build.0 = Release|Win32
	EndGlobalSection
	GlobalSection(SolutionProperties) = preSolution
		HideSolutionNode = FALSE
	EndGlobalSection
EndGlobal
